// !$*UTF8*$!
{
	archiveVersion = 1;
	classes = {
	};
	objectVersion = 63;
	objects = {

/* Begin PBXBuildFile section */
		16293FE52C85545900580FBE /* Question.swift in Sources */ = {isa = PBXBuildFile; fileRef = 16293FE22C85545900580FBE /* Question.swift */; };
		16293FE62C85545900580FBE /* AudioQuestion .swift in Sources */ = {isa = PBXBuildFile; fileRef = 16293FE32C85545900580FBE /* AudioQuestion .swift */; };
		16293FE72C85545900580FBE /* DataLoader.swift in Sources */ = {isa = PBXBuildFile; fileRef = 16293FE42C85545900580FBE /* DataLoader.swift */; };
		16293FF52C85546700580FBE /* CustomButton.swift in Sources */ = {isa = PBXBuildFile; fileRef = 16293FE82C85546700580FBE /* CustomButton.swift */; };
		16293FF62C85546700580FBE /* HighlightedText.swift in Sources */ = {isa = PBXBuildFile; fileRef = 16293FE92C85546700580FBE /* HighlightedText.swift */; };
		16293FF72C85546700580FBE /* JLPTN2SelectView.swift in Sources */ = {isa = PBXBuildFile; fileRef = 16293FEA2C85546700580FBE /* JLPTN2SelectView.swift */; };
		16293FF82C85546700580FBE /* JLPTN5GrammarView.swift in Sources */ = {isa = PBXBuildFile; fileRef = 16293FEB2C85546700580FBE /* JLPTN5GrammarView.swift */; };
		16293FF92C85546700580FBE /* JLPTN5ReadingView.swift in Sources */ = {isa = PBXBuildFile; fileRef = 16293FEC2C85546700580FBE /* JLPTN5ReadingView.swift */; };
		16293FFA2C85546700580FBE /* JLPTN4SelectView.swift in Sources */ = {isa = PBXBuildFile; fileRef = 16293FED2C85546700580FBE /* JLPTN4SelectView.swift */; };
		16293FFB2C85546700580FBE /* SelectableTextView.swift in Sources */ = {isa = PBXBuildFile; fileRef = 16293FEE2C85546700580FBE /* SelectableTextView.swift */; };
		16293FFC2C85546700580FBE /* JLPTN5.swift in Sources */ = {isa = PBXBuildFile; fileRef = 16293FEF2C85546700580FBE /* JLPTN5.swift */; };
		16293FFD2C85546700580FBE /* ScoreCardView.swift in Sources */ = {isa = PBXBuildFile; fileRef = 16293FF02C85546700580FBE /* ScoreCardView.swift */; };
		16293FFE2C85546700580FBE /* Home.swift in Sources */ = {isa = PBXBuildFile; fileRef = 16293FF12C85546700580FBE /* Home.swift */; };
		16293FFF2C85546700580FBE /* JLPTN1SelectView.swift in Sources */ = {isa = PBXBuildFile; fileRef = 16293FF22C85546700580FBE /* JLPTN1SelectView.swift */; };
		162940002C85546700580FBE /* JLPTN3SelectView.swift in Sources */ = {isa = PBXBuildFile; fileRef = 16293FF32C85546700580FBE /* JLPTN3SelectView.swift */; };
		162940012C85546700580FBE /* JLPTN5AUDIOTEST.swift in Sources */ = {isa = PBXBuildFile; fileRef = 16293FF42C85546700580FBE /* JLPTN5AUDIOTEST.swift */; };
		162940032C8554C500580FBE /* JLPTN4.swift in Sources */ = {isa = PBXBuildFile; fileRef = 162940022C8554C500580FBE /* JLPTN4.swift */; };
		162940052C8554CE00580FBE /* JLPTN4GrammarView.swift in Sources */ = {isa = PBXBuildFile; fileRef = 162940042C8554CE00580FBE /* JLPTN4GrammarView.swift */; };
		162940072C8554DD00580FBE /* JLPTN4AUDIOTEST.swift in Sources */ = {isa = PBXBuildFile; fileRef = 162940062C8554DD00580FBE /* JLPTN4AUDIOTEST.swift */; };
		162940092C85550F00580FBE /* JLPTN4ReadingView.swift in Sources */ = {isa = PBXBuildFile; fileRef = 162940082C85550F00580FBE /* JLPTN4ReadingView.swift */; };
		1629400B2C85553100580FBE /* JLPTN3.swift in Sources */ = {isa = PBXBuildFile; fileRef = 1629400A2C85553100580FBE /* JLPTN3.swift */; };
		1629400D2C85553800580FBE /* JLPTN3GrammarView.swift in Sources */ = {isa = PBXBuildFile; fileRef = 1629400C2C85553800580FBE /* JLPTN3GrammarView.swift */; };
		1629400F2C85553F00580FBE /* JLPTN3ReadingView.swift in Sources */ = {isa = PBXBuildFile; fileRef = 1629400E2C85553F00580FBE /* JLPTN3ReadingView.swift */; };
		162940112C85554400580FBE /* JLPTN3AUDIOTEST.swift in Sources */ = {isa = PBXBuildFile; fileRef = 162940102C85554400580FBE /* JLPTN3AUDIOTEST.swift */; };
		162940132C8555F800580FBE /* JLPTN2.swift in Sources */ = {isa = PBXBuildFile; fileRef = 162940122C8555F800580FBE /* JLPTN2.swift */; };
		162940152C8555FE00580FBE /* JLPTN2GrammarView.swift in Sources */ = {isa = PBXBuildFile; fileRef = 162940142C8555FE00580FBE /* JLPTN2GrammarView.swift */; };
		162940172C85560400580FBE /* JLPTN2ReadingView.swift in Sources */ = {isa = PBXBuildFile; fileRef = 162940162C85560400580FBE /* JLPTN2ReadingView.swift */; };
		162940192C85560A00580FBE /* JLPTN2AUDIOTEST.swift in Sources */ = {isa = PBXBuildFile; fileRef = 162940182C85560A00580FBE /* JLPTN2AUDIOTEST.swift */; };
		1629401B2C85562F00580FBE /* JLPTN1.swift in Sources */ = {isa = PBXBuildFile; fileRef = 1629401A2C85562F00580FBE /* JLPTN1.swift */; };
		1629401D2C85563600580FBE /* JLPTN1GrammarView.swift in Sources */ = {isa = PBXBuildFile; fileRef = 1629401C2C85563600580FBE /* JLPTN1GrammarView.swift */; };
		1629401F2C85563B00580FBE /* JLPTN1ReadingView.swift in Sources */ = {isa = PBXBuildFile; fileRef = 1629401E2C85563B00580FBE /* JLPTN1ReadingView.swift */; };
		162940212C85565800580FBE /* JLPTN1AUDIOTEST.swift in Sources */ = {isa = PBXBuildFile; fileRef = 162940202C85565800580FBE /* JLPTN1AUDIOTEST.swift */; };
		162940302C856C4100580FBE /* N5Q1.mp3 in Resources */ = {isa = PBXBuildFile; fileRef = 162940222C856C4100580FBE /* N5Q1.mp3 */; };
		162940312C856C4100580FBE /* N5Q2.mp3 in Resources */ = {isa = PBXBuildFile; fileRef = 162940232C856C4100580FBE /* N5Q2.mp3 */; };
		162940322C856C4100580FBE /* N5Q3.mp3 in Resources */ = {isa = PBXBuildFile; fileRef = 162940242C856C4100580FBE /* N5Q3.mp3 */; };
		162940332C856C4100580FBE /* N5Q4.mp3 in Resources */ = {isa = PBXBuildFile; fileRef = 162940252C856C4100580FBE /* N5Q4.mp3 */; };
		162940342C856C4100580FBE /* N5Q5.mp3 in Resources */ = {isa = PBXBuildFile; fileRef = 162940262C856C4100580FBE /* N5Q5.mp3 */; };
		162940352C856C4100580FBE /* N5Q6.mp3 in Resources */ = {isa = PBXBuildFile; fileRef = 162940272C856C4100580FBE /* N5Q6.mp3 */; };
		162940362C856C4100580FBE /* N5Q7.mp3 in Resources */ = {isa = PBXBuildFile; fileRef = 162940282C856C4100580FBE /* N5Q7.mp3 */; };
		162940372C856C4100580FBE /* N5Q8.mp3 in Resources */ = {isa = PBXBuildFile; fileRef = 162940292C856C4100580FBE /* N5Q8.mp3 */; };
		162940382C856C4100580FBE /* N5Q9.mp3 in Resources */ = {isa = PBXBuildFile; fileRef = 1629402A2C856C4100580FBE /* N5Q9.mp3 */; };
		162940392C856C4100580FBE /* N5Q10.mp3 in Resources */ = {isa = PBXBuildFile; fileRef = 1629402B2C856C4100580FBE /* N5Q10.mp3 */; };
		1629403A2C856C4100580FBE /* N5Q11.mp3 in Resources */ = {isa = PBXBuildFile; fileRef = 1629402C2C856C4100580FBE /* N5Q11.mp3 */; };
		1629403B2C856C4100580FBE /* N5Q12.mp3 in Resources */ = {isa = PBXBuildFile; fileRef = 1629402D2C856C4100580FBE /* N5Q12.mp3 */; };
		1629403C2C856C4100580FBE /* N5Q13.mp3 in Resources */ = {isa = PBXBuildFile; fileRef = 1629402E2C856C4100580FBE /* N5Q13.mp3 */; };
		1629404D2C856C6600580FBE /* N4Q1.mp3 in Resources */ = {isa = PBXBuildFile; fileRef = 1629403D2C856C6600580FBE /* N4Q1.mp3 */; };
		1629404E2C856C6600580FBE /* N4Q2.mp3 in Resources */ = {isa = PBXBuildFile; fileRef = 1629403E2C856C6600580FBE /* N4Q2.mp3 */; };
		1629404F2C856C6600580FBE /* N4Q3.mp3 in Resources */ = {isa = PBXBuildFile; fileRef = 1629403F2C856C6600580FBE /* N4Q3.mp3 */; };
		162940502C856C6600580FBE /* N4Q4.mp3 in Resources */ = {isa = PBXBuildFile; fileRef = 162940402C856C6600580FBE /* N4Q4.mp3 */; };
		162940512C856C6600580FBE /* N4Q5.mp3 in Resources */ = {isa = PBXBuildFile; fileRef = 162940412C856C6600580FBE /* N4Q5.mp3 */; };
		162940522C856C6600580FBE /* N4Q6.mp3 in Resources */ = {isa = PBXBuildFile; fileRef = 162940422C856C6600580FBE /* N4Q6.mp3 */; };
		162940532C856C6600580FBE /* N4Q7.mp3 in Resources */ = {isa = PBXBuildFile; fileRef = 162940432C856C6600580FBE /* N4Q7.mp3 */; };
		162940542C856C6600580FBE /* N4Q8.mp3 in Resources */ = {isa = PBXBuildFile; fileRef = 162940442C856C6600580FBE /* N4Q8.mp3 */; };
		162940552C856C6600580FBE /* N4Q9.mp3 in Resources */ = {isa = PBXBuildFile; fileRef = 162940452C856C6600580FBE /* N4Q9.mp3 */; };
		162940562C856C6600580FBE /* N4Q10.mp3 in Resources */ = {isa = PBXBuildFile; fileRef = 162940462C856C6600580FBE /* N4Q10.mp3 */; };
		162940572C856C6600580FBE /* N4Q11.mp3 in Resources */ = {isa = PBXBuildFile; fileRef = 162940472C856C6600580FBE /* N4Q11.mp3 */; };
		162940582C856C6600580FBE /* N4Q12.mp3 in Resources */ = {isa = PBXBuildFile; fileRef = 162940482C856C6600580FBE /* N4Q12.mp3 */; };
		162940592C856C6600580FBE /* N4Q13.mp3 in Resources */ = {isa = PBXBuildFile; fileRef = 162940492C856C6600580FBE /* N4Q13.mp3 */; };
		1629405A2C856C6600580FBE /* N4Q14.mp3 in Resources */ = {isa = PBXBuildFile; fileRef = 1629404A2C856C6600580FBE /* N4Q14.mp3 */; };
		1629405B2C856C6600580FBE /* N4Q15.mp3 in Resources */ = {isa = PBXBuildFile; fileRef = 1629404B2C856C6600580FBE /* N4Q15.mp3 */; };
		162940692C856CAB00580FBE /* N3Q1.mp3 in Resources */ = {isa = PBXBuildFile; fileRef = 1629405C2C856CAB00580FBE /* N3Q1.mp3 */; };
		1629406A2C856CAB00580FBE /* N3Q2.mp3 in Resources */ = {isa = PBXBuildFile; fileRef = 1629405D2C856CAB00580FBE /* N3Q2.mp3 */; };
		1629406B2C856CAB00580FBE /* N3Q3.mp3 in Resources */ = {isa = PBXBuildFile; fileRef = 1629405E2C856CAB00580FBE /* N3Q3.mp3 */; };
		1629406C2C856CAB00580FBE /* N3Q4.mp3 in Resources */ = {isa = PBXBuildFile; fileRef = 1629405F2C856CAB00580FBE /* N3Q4.mp3 */; };
		1629406D2C856CAB00580FBE /* N3Q5.mp3 in Resources */ = {isa = PBXBuildFile; fileRef = 162940602C856CAB00580FBE /* N3Q5.mp3 */; };
		1629406E2C856CAB00580FBE /* N3Q6.mp3 in Resources */ = {isa = PBXBuildFile; fileRef = 162940612C856CAB00580FBE /* N3Q6.mp3 */; };
		1629406F2C856CAB00580FBE /* N3Q7.mp3 in Resources */ = {isa = PBXBuildFile; fileRef = 162940622C856CAB00580FBE /* N3Q7.mp3 */; };
		162940702C856CAB00580FBE /* N3Q8.mp3 in Resources */ = {isa = PBXBuildFile; fileRef = 162940632C856CAB00580FBE /* N3Q8.mp3 */; };
		162940712C856CAB00580FBE /* N3Q9.mp3 in Resources */ = {isa = PBXBuildFile; fileRef = 162940642C856CAB00580FBE /* N3Q9.mp3 */; };
		162940722C856CAB00580FBE /* N3Q10.mp3 in Resources */ = {isa = PBXBuildFile; fileRef = 162940652C856CAB00580FBE /* N3Q10.mp3 */; };
		162940732C856CAB00580FBE /* N3Q11.mp3 in Resources */ = {isa = PBXBuildFile; fileRef = 162940662C856CAB00580FBE /* N3Q11.mp3 */; };
		162940742C856CAB00580FBE /* N3Q12.mp3 in Resources */ = {isa = PBXBuildFile; fileRef = 162940672C856CAB00580FBE /* N3Q12.mp3 */; };
		162940972C856D0400580FBE /* N2Q1.mp3 in Resources */ = {isa = PBXBuildFile; fileRef = 162940772C856D0400580FBE /* N2Q1.mp3 */; };
		162940982C856D0400580FBE /* N2Q2.mp3 in Resources */ = {isa = PBXBuildFile; fileRef = 162940782C856D0400580FBE /* N2Q2.mp3 */; };
		162940992C856D0400580FBE /* N2Q3.mp3 in Resources */ = {isa = PBXBuildFile; fileRef = 162940792C856D0400580FBE /* N2Q3.mp3 */; };
		1629409A2C856D0400580FBE /* N2Q4.mp3 in Resources */ = {isa = PBXBuildFile; fileRef = 1629407A2C856D0400580FBE /* N2Q4.mp3 */; };
		1629409B2C856D0400580FBE /* N2Q5.mp3 in Resources */ = {isa = PBXBuildFile; fileRef = 1629407B2C856D0400580FBE /* N2Q5.mp3 */; };
		1629409C2C856D0400580FBE /* N2Q6.mp3 in Resources */ = {isa = PBXBuildFile; fileRef = 1629407C2C856D0400580FBE /* N2Q6.mp3 */; };
		1629409D2C856D0400580FBE /* N2Q7.mp3 in Resources */ = {isa = PBXBuildFile; fileRef = 1629407D2C856D0400580FBE /* N2Q7.mp3 */; };
		1629409E2C856D0400580FBE /* N2Q8.mp3 in Resources */ = {isa = PBXBuildFile; fileRef = 1629407E2C856D0400580FBE /* N2Q8.mp3 */; };
		1629409F2C856D0400580FBE /* N2Q9.mp3 in Resources */ = {isa = PBXBuildFile; fileRef = 1629407F2C856D0400580FBE /* N2Q9.mp3 */; };
		162940A02C856D0400580FBE /* N2Q10.mp3 in Resources */ = {isa = PBXBuildFile; fileRef = 162940802C856D0400580FBE /* N2Q10.mp3 */; };
		162940A12C856D0400580FBE /* N2Q11.mp3 in Resources */ = {isa = PBXBuildFile; fileRef = 162940812C856D0400580FBE /* N2Q11.mp3 */; };
		162940A22C856D0400580FBE /* N2Q12.mp3 in Resources */ = {isa = PBXBuildFile; fileRef = 162940822C856D0400580FBE /* N2Q12.mp3 */; };
		162940A32C856D0400580FBE /* N2Q13.mp3 in Resources */ = {isa = PBXBuildFile; fileRef = 162940832C856D0400580FBE /* N2Q13.mp3 */; };
		162940A42C856D0400580FBE /* N2Q14.mp3 in Resources */ = {isa = PBXBuildFile; fileRef = 162940842C856D0400580FBE /* N2Q14.mp3 */; };
		162940A52C856D0400580FBE /* N2Q15.mp3 in Resources */ = {isa = PBXBuildFile; fileRef = 162940852C856D0400580FBE /* N2Q15.mp3 */; };
		162940A62C856D0400580FBE /* N2Q16.mp3 in Resources */ = {isa = PBXBuildFile; fileRef = 162940862C856D0400580FBE /* N2Q16.mp3 */; };
		162940A72C856D0400580FBE /* N2Q17.mp3 in Resources */ = {isa = PBXBuildFile; fileRef = 162940872C856D0400580FBE /* N2Q17.mp3 */; };
		162940A82C856D0400580FBE /* N2Q18.mp3 in Resources */ = {isa = PBXBuildFile; fileRef = 162940882C856D0400580FBE /* N2Q18.mp3 */; };
		162940A92C856D0400580FBE /* N2Q19.mp3 in Resources */ = {isa = PBXBuildFile; fileRef = 162940892C856D0400580FBE /* N2Q19.mp3 */; };
		162940AA2C856D0400580FBE /* N2Q20.mp3 in Resources */ = {isa = PBXBuildFile; fileRef = 1629408A2C856D0400580FBE /* N2Q20.mp3 */; };
		162940AB2C856D0400580FBE /* N2Q21.mp3 in Resources */ = {isa = PBXBuildFile; fileRef = 1629408B2C856D0400580FBE /* N2Q21.mp3 */; };
		162940AC2C856D0400580FBE /* N2Q22.mp3 in Resources */ = {isa = PBXBuildFile; fileRef = 1629408C2C856D0400580FBE /* N2Q22.mp3 */; };
		162940AD2C856D0400580FBE /* N2Q23.mp3 in Resources */ = {isa = PBXBuildFile; fileRef = 1629408D2C856D0400580FBE /* N2Q23.mp3 */; };
		162940AE2C856D0400580FBE /* N2Q24.mp3 in Resources */ = {isa = PBXBuildFile; fileRef = 1629408E2C856D0400580FBE /* N2Q24.mp3 */; };
		162940AF2C856D0400580FBE /* N2Q25.mp3 in Resources */ = {isa = PBXBuildFile; fileRef = 1629408F2C856D0400580FBE /* N2Q25.mp3 */; };
		162940B02C856D0400580FBE /* N2Q26.mp3 in Resources */ = {isa = PBXBuildFile; fileRef = 162940902C856D0400580FBE /* N2Q26.mp3 */; };
		162940B12C856D0400580FBE /* N2Q27.mp3 in Resources */ = {isa = PBXBuildFile; fileRef = 162940912C856D0400580FBE /* N2Q27.mp3 */; };
		162940B22C856D0400580FBE /* N2Q28.mp3 in Resources */ = {isa = PBXBuildFile; fileRef = 162940922C856D0400580FBE /* N2Q28.mp3 */; };
		162940B32C856D0400580FBE /* N2Q29.mp3 in Resources */ = {isa = PBXBuildFile; fileRef = 162940932C856D0400580FBE /* N2Q29.mp3 */; };
		162940B42C856D0400580FBE /* N2Q30.mp3 in Resources */ = {isa = PBXBuildFile; fileRef = 162940942C856D0400580FBE /* N2Q30.mp3 */; };
		162940B52C856D0400580FBE /* N2Q31.mp3 in Resources */ = {isa = PBXBuildFile; fileRef = 162940952C856D0400580FBE /* N2Q31.mp3 */; };
		162940C42C856D3600580FBE /* N1Q1.mp3 in Resources */ = {isa = PBXBuildFile; fileRef = 162940B62C856D3600580FBE /* N1Q1.mp3 */; };
		162940C52C856D3600580FBE /* N1Q2.mp3 in Resources */ = {isa = PBXBuildFile; fileRef = 162940B72C856D3600580FBE /* N1Q2.mp3 */; };
		162940C62C856D3600580FBE /* N1Q3.mp3 in Resources */ = {isa = PBXBuildFile; fileRef = 162940B82C856D3600580FBE /* N1Q3.mp3 */; };
		162940C72C856D3600580FBE /* N1Q4.mp3 in Resources */ = {isa = PBXBuildFile; fileRef = 162940B92C856D3600580FBE /* N1Q4.mp3 */; };
		162940C82C856D3600580FBE /* N1Q5.mp3 in Resources */ = {isa = PBXBuildFile; fileRef = 162940BA2C856D3600580FBE /* N1Q5.mp3 */; };
		162940C92C856D3600580FBE /* N1Q6.mp3 in Resources */ = {isa = PBXBuildFile; fileRef = 162940BB2C856D3600580FBE /* N1Q6.mp3 */; };
		162940CA2C856D3600580FBE /* N1Q7.mp3 in Resources */ = {isa = PBXBuildFile; fileRef = 162940BC2C856D3600580FBE /* N1Q7.mp3 */; };
		162940CB2C856D3600580FBE /* N1Q8.mp3 in Resources */ = {isa = PBXBuildFile; fileRef = 162940BD2C856D3600580FBE /* N1Q8.mp3 */; };
		162940CC2C856D3600580FBE /* N1Q9.mp3 in Resources */ = {isa = PBXBuildFile; fileRef = 162940BE2C856D3600580FBE /* N1Q9.mp3 */; };
		162940CD2C856D3600580FBE /* N1Q10.mp3 in Resources */ = {isa = PBXBuildFile; fileRef = 162940BF2C856D3600580FBE /* N1Q10.mp3 */; };
		162940CE2C856D3600580FBE /* N1Q11.mp3 in Resources */ = {isa = PBXBuildFile; fileRef = 162940C02C856D3600580FBE /* N1Q11.mp3 */; };
		162940CF2C856D3600580FBE /* N1Q12.mp3 in Resources */ = {isa = PBXBuildFile; fileRef = 162940C12C856D3600580FBE /* N1Q12.mp3 */; };
		162940D02C856D3600580FBE /* N1Q13.mp3 in Resources */ = {isa = PBXBuildFile; fileRef = 162940C22C856D3600580FBE /* N1Q13.mp3 */; };
		162940D62C85BF5400580FBE /* N5Q15.mp3 in Resources */ = {isa = PBXBuildFile; fileRef = 162940D12C85BF5400580FBE /* N5Q15.mp3 */; };
		162940D72C85BF5400580FBE /* N5Q16.mp3 in Resources */ = {isa = PBXBuildFile; fileRef = 162940D22C85BF5400580FBE /* N5Q16.mp3 */; };
		162940D82C85BF5400580FBE /* N5Q17.mp3 in Resources */ = {isa = PBXBuildFile; fileRef = 162940D32C85BF5400580FBE /* N5Q17.mp3 */; };
		162940D92C85BF5400580FBE /* N5Q18.mp3 in Resources */ = {isa = PBXBuildFile; fileRef = 162940D42C85BF5400580FBE /* N5Q18.mp3 */; };
		162940DA2C85BF5400580FBE /* N5Q14.mp3 in Resources */ = {isa = PBXBuildFile; fileRef = 162940D52C85BF5400580FBE /* N5Q14.mp3 */; };
		162940E02C85C7F600580FBE /* N5Q21.mp3 in Resources */ = {isa = PBXBuildFile; fileRef = 162940DB2C85C7F600580FBE /* N5Q21.mp3 */; };
		162940E12C85C7F600580FBE /* N5Q22.mp3 in Resources */ = {isa = PBXBuildFile; fileRef = 162940DC2C85C7F600580FBE /* N5Q22.mp3 */; };
		162940E22C85C7F600580FBE /* N5Q19.mp3 in Resources */ = {isa = PBXBuildFile; fileRef = 162940DD2C85C7F600580FBE /* N5Q19.mp3 */; };
		162940E32C85C7F600580FBE /* N5Q23.mp3 in Resources */ = {isa = PBXBuildFile; fileRef = 162940DE2C85C7F600580FBE /* N5Q23.mp3 */; };
		162940E42C85C7F600580FBE /* N5Q20.mp3 in Resources */ = {isa = PBXBuildFile; fileRef = 162940DF2C85C7F600580FBE /* N5Q20.mp3 */; };
		162C18E22C86ABBC0066BF4C /* JLPTN5SelectView.swift in Sources */ = {isa = PBXBuildFile; fileRef = 162C18E12C86ABBC0066BF4C /* JLPTN5SelectView.swift */; };
		169C98A62C8552CE007344B7 /* JLPT_TEST_ALLApp.swift in Sources */ = {isa = PBXBuildFile; fileRef = 169C98A52C8552CE007344B7 /* JLPT_TEST_ALLApp.swift */; };
		169C98A82C8552CE007344B7 /* ContentView.swift in Sources */ = {isa = PBXBuildFile; fileRef = 169C98A72C8552CE007344B7 /* ContentView.swift */; };
		169C98AA2C8552D0007344B7 /* Assets.xcassets in Resources */ = {isa = PBXBuildFile; fileRef = 169C98A92C8552D0007344B7 /* Assets.xcassets */; };
		169C98AD2C8552D0007344B7 /* Preview Assets.xcassets in Resources */ = {isa = PBXBuildFile; fileRef = 169C98AC2C8552D0007344B7 /* Preview Assets.xcassets */; };
		16E8322B2C897D83007628B1 /* GoogleMobileAds in Frameworks */ = {isa = PBXBuildFile; productRef = 16E8322A2C897D83007628B1 /* GoogleMobileAds */; };
		16E8322E2C898019007628B1 /* AdBannerView.swift in Sources */ = {isa = PBXBuildFile; fileRef = 16E8322D2C898019007628B1 /* AdBannerView.swift */; };
/* End PBXBuildFile section */

/* Begin PBXFileReference section */
		16293FE22C85545900580FBE /* Question.swift */ = {isa = PBXFileReference; fileEncoding = 4; lastKnownFileType = sourcecode.swift; path = Question.swift; sourceTree = "<group>"; };
		16293FE32C85545900580FBE /* AudioQuestion .swift */ = {isa = PBXFileReference; fileEncoding = 4; lastKnownFileType = sourcecode.swift; path = "AudioQuestion .swift"; sourceTree = "<group>"; };
		16293FE42C85545900580FBE /* DataLoader.swift */ = {isa = PBXFileReference; fileEncoding = 4; lastKnownFileType = sourcecode.swift; path = DataLoader.swift; sourceTree = "<group>"; };
		16293FE82C85546700580FBE /* CustomButton.swift */ = {isa = PBXFileReference; fileEncoding = 4; lastKnownFileType = sourcecode.swift; path = CustomButton.swift; sourceTree = "<group>"; };
		16293FE92C85546700580FBE /* HighlightedText.swift */ = {isa = PBXFileReference; fileEncoding = 4; lastKnownFileType = sourcecode.swift; path = HighlightedText.swift; sourceTree = "<group>"; };
		16293FEA2C85546700580FBE /* JLPTN2SelectView.swift */ = {isa = PBXFileReference; fileEncoding = 4; lastKnownFileType = sourcecode.swift; path = JLPTN2SelectView.swift; sourceTree = "<group>"; };
		16293FEB2C85546700580FBE /* JLPTN5GrammarView.swift */ = {isa = PBXFileReference; fileEncoding = 4; lastKnownFileType = sourcecode.swift; path = JLPTN5GrammarView.swift; sourceTree = "<group>"; };
		16293FEC2C85546700580FBE /* JLPTN5ReadingView.swift */ = {isa = PBXFileReference; fileEncoding = 4; lastKnownFileType = sourcecode.swift; path = JLPTN5ReadingView.swift; sourceTree = "<group>"; };
		16293FED2C85546700580FBE /* JLPTN4SelectView.swift */ = {isa = PBXFileReference; fileEncoding = 4; lastKnownFileType = sourcecode.swift; path = JLPTN4SelectView.swift; sourceTree = "<group>"; };
		16293FEE2C85546700580FBE /* SelectableTextView.swift */ = {isa = PBXFileReference; fileEncoding = 4; lastKnownFileType = sourcecode.swift; path = SelectableTextView.swift; sourceTree = "<group>"; };
		16293FEF2C85546700580FBE /* JLPTN5.swift */ = {isa = PBXFileReference; fileEncoding = 4; lastKnownFileType = sourcecode.swift; path = JLPTN5.swift; sourceTree = "<group>"; };
		16293FF02C85546700580FBE /* ScoreCardView.swift */ = {isa = PBXFileReference; fileEncoding = 4; lastKnownFileType = sourcecode.swift; path = ScoreCardView.swift; sourceTree = "<group>"; };
		16293FF12C85546700580FBE /* Home.swift */ = {isa = PBXFileReference; fileEncoding = 4; lastKnownFileType = sourcecode.swift; path = Home.swift; sourceTree = "<group>"; };
		16293FF22C85546700580FBE /* JLPTN1SelectView.swift */ = {isa = PBXFileReference; fileEncoding = 4; lastKnownFileType = sourcecode.swift; path = JLPTN1SelectView.swift; sourceTree = "<group>"; };
		16293FF32C85546700580FBE /* JLPTN3SelectView.swift */ = {isa = PBXFileReference; fileEncoding = 4; lastKnownFileType = sourcecode.swift; path = JLPTN3SelectView.swift; sourceTree = "<group>"; };
		16293FF42C85546700580FBE /* JLPTN5AUDIOTEST.swift */ = {isa = PBXFileReference; fileEncoding = 4; lastKnownFileType = sourcecode.swift; path = JLPTN5AUDIOTEST.swift; sourceTree = "<group>"; };
		162940022C8554C500580FBE /* JLPTN4.swift */ = {isa = PBXFileReference; fileEncoding = 4; lastKnownFileType = sourcecode.swift; path = JLPTN4.swift; sourceTree = "<group>"; };
		162940042C8554CE00580FBE /* JLPTN4GrammarView.swift */ = {isa = PBXFileReference; fileEncoding = 4; lastKnownFileType = sourcecode.swift; path = JLPTN4GrammarView.swift; sourceTree = "<group>"; };
		162940062C8554DD00580FBE /* JLPTN4AUDIOTEST.swift */ = {isa = PBXFileReference; fileEncoding = 4; lastKnownFileType = sourcecode.swift; path = JLPTN4AUDIOTEST.swift; sourceTree = "<group>"; };
		162940082C85550F00580FBE /* JLPTN4ReadingView.swift */ = {isa = PBXFileReference; fileEncoding = 4; lastKnownFileType = sourcecode.swift; path = JLPTN4ReadingView.swift; sourceTree = "<group>"; };
		1629400A2C85553100580FBE /* JLPTN3.swift */ = {isa = PBXFileReference; fileEncoding = 4; lastKnownFileType = sourcecode.swift; path = JLPTN3.swift; sourceTree = "<group>"; };
		1629400C2C85553800580FBE /* JLPTN3GrammarView.swift */ = {isa = PBXFileReference; fileEncoding = 4; lastKnownFileType = sourcecode.swift; path = JLPTN3GrammarView.swift; sourceTree = "<group>"; };
		1629400E2C85553F00580FBE /* JLPTN3ReadingView.swift */ = {isa = PBXFileReference; fileEncoding = 4; lastKnownFileType = sourcecode.swift; path = JLPTN3ReadingView.swift; sourceTree = "<group>"; };
		162940102C85554400580FBE /* JLPTN3AUDIOTEST.swift */ = {isa = PBXFileReference; fileEncoding = 4; lastKnownFileType = sourcecode.swift; path = JLPTN3AUDIOTEST.swift; sourceTree = "<group>"; };
		162940122C8555F800580FBE /* JLPTN2.swift */ = {isa = PBXFileReference; fileEncoding = 4; lastKnownFileType = sourcecode.swift; path = JLPTN2.swift; sourceTree = "<group>"; };
		162940142C8555FE00580FBE /* JLPTN2GrammarView.swift */ = {isa = PBXFileReference; fileEncoding = 4; lastKnownFileType = sourcecode.swift; path = JLPTN2GrammarView.swift; sourceTree = "<group>"; };
		162940162C85560400580FBE /* JLPTN2ReadingView.swift */ = {isa = PBXFileReference; fileEncoding = 4; lastKnownFileType = sourcecode.swift; path = JLPTN2ReadingView.swift; sourceTree = "<group>"; };
		162940182C85560A00580FBE /* JLPTN2AUDIOTEST.swift */ = {isa = PBXFileReference; fileEncoding = 4; lastKnownFileType = sourcecode.swift; path = JLPTN2AUDIOTEST.swift; sourceTree = "<group>"; };
		1629401A2C85562F00580FBE /* JLPTN1.swift */ = {isa = PBXFileReference; fileEncoding = 4; lastKnownFileType = sourcecode.swift; path = JLPTN1.swift; sourceTree = "<group>"; };
		1629401C2C85563600580FBE /* JLPTN1GrammarView.swift */ = {isa = PBXFileReference; fileEncoding = 4; lastKnownFileType = sourcecode.swift; path = JLPTN1GrammarView.swift; sourceTree = "<group>"; };
		1629401E2C85563B00580FBE /* JLPTN1ReadingView.swift */ = {isa = PBXFileReference; fileEncoding = 4; lastKnownFileType = sourcecode.swift; path = JLPTN1ReadingView.swift; sourceTree = "<group>"; };
		162940202C85565800580FBE /* JLPTN1AUDIOTEST.swift */ = {isa = PBXFileReference; fileEncoding = 4; lastKnownFileType = sourcecode.swift; path = JLPTN1AUDIOTEST.swift; sourceTree = "<group>"; };
		162940222C856C4100580FBE /* N5Q1.mp3 */ = {isa = PBXFileReference; lastKnownFileType = audio.mp3; path = N5Q1.mp3; sourceTree = "<group>"; };
		162940232C856C4100580FBE /* N5Q2.mp3 */ = {isa = PBXFileReference; lastKnownFileType = audio.mp3; path = N5Q2.mp3; sourceTree = "<group>"; };
		162940242C856C4100580FBE /* N5Q3.mp3 */ = {isa = PBXFileReference; lastKnownFileType = audio.mp3; path = N5Q3.mp3; sourceTree = "<group>"; };
		162940252C856C4100580FBE /* N5Q4.mp3 */ = {isa = PBXFileReference; lastKnownFileType = audio.mp3; path = N5Q4.mp3; sourceTree = "<group>"; };
		162940262C856C4100580FBE /* N5Q5.mp3 */ = {isa = PBXFileReference; lastKnownFileType = audio.mp3; path = N5Q5.mp3; sourceTree = "<group>"; };
		162940272C856C4100580FBE /* N5Q6.mp3 */ = {isa = PBXFileReference; lastKnownFileType = audio.mp3; path = N5Q6.mp3; sourceTree = "<group>"; };
		162940282C856C4100580FBE /* N5Q7.mp3 */ = {isa = PBXFileReference; lastKnownFileType = audio.mp3; path = N5Q7.mp3; sourceTree = "<group>"; };
		162940292C856C4100580FBE /* N5Q8.mp3 */ = {isa = PBXFileReference; lastKnownFileType = audio.mp3; path = N5Q8.mp3; sourceTree = "<group>"; };
		1629402A2C856C4100580FBE /* N5Q9.mp3 */ = {isa = PBXFileReference; lastKnownFileType = audio.mp3; path = N5Q9.mp3; sourceTree = "<group>"; };
		1629402B2C856C4100580FBE /* N5Q10.mp3 */ = {isa = PBXFileReference; lastKnownFileType = audio.mp3; path = N5Q10.mp3; sourceTree = "<group>"; };
		1629402C2C856C4100580FBE /* N5Q11.mp3 */ = {isa = PBXFileReference; lastKnownFileType = audio.mp3; path = N5Q11.mp3; sourceTree = "<group>"; };
		1629402D2C856C4100580FBE /* N5Q12.mp3 */ = {isa = PBXFileReference; lastKnownFileType = audio.mp3; path = N5Q12.mp3; sourceTree = "<group>"; };
		1629402E2C856C4100580FBE /* N5Q13.mp3 */ = {isa = PBXFileReference; lastKnownFileType = audio.mp3; path = N5Q13.mp3; sourceTree = "<group>"; };
		1629403D2C856C6600580FBE /* N4Q1.mp3 */ = {isa = PBXFileReference; lastKnownFileType = audio.mp3; path = N4Q1.mp3; sourceTree = "<group>"; };
		1629403E2C856C6600580FBE /* N4Q2.mp3 */ = {isa = PBXFileReference; lastKnownFileType = audio.mp3; path = N4Q2.mp3; sourceTree = "<group>"; };
		1629403F2C856C6600580FBE /* N4Q3.mp3 */ = {isa = PBXFileReference; lastKnownFileType = audio.mp3; path = N4Q3.mp3; sourceTree = "<group>"; };
		162940402C856C6600580FBE /* N4Q4.mp3 */ = {isa = PBXFileReference; lastKnownFileType = audio.mp3; path = N4Q4.mp3; sourceTree = "<group>"; };
		162940412C856C6600580FBE /* N4Q5.mp3 */ = {isa = PBXFileReference; lastKnownFileType = audio.mp3; path = N4Q5.mp3; sourceTree = "<group>"; };
		162940422C856C6600580FBE /* N4Q6.mp3 */ = {isa = PBXFileReference; lastKnownFileType = audio.mp3; path = N4Q6.mp3; sourceTree = "<group>"; };
		162940432C856C6600580FBE /* N4Q7.mp3 */ = {isa = PBXFileReference; lastKnownFileType = audio.mp3; path = N4Q7.mp3; sourceTree = "<group>"; };
		162940442C856C6600580FBE /* N4Q8.mp3 */ = {isa = PBXFileReference; lastKnownFileType = audio.mp3; path = N4Q8.mp3; sourceTree = "<group>"; };
		162940452C856C6600580FBE /* N4Q9.mp3 */ = {isa = PBXFileReference; lastKnownFileType = audio.mp3; path = N4Q9.mp3; sourceTree = "<group>"; };
		162940462C856C6600580FBE /* N4Q10.mp3 */ = {isa = PBXFileReference; lastKnownFileType = audio.mp3; path = N4Q10.mp3; sourceTree = "<group>"; };
		162940472C856C6600580FBE /* N4Q11.mp3 */ = {isa = PBXFileReference; lastKnownFileType = audio.mp3; path = N4Q11.mp3; sourceTree = "<group>"; };
		162940482C856C6600580FBE /* N4Q12.mp3 */ = {isa = PBXFileReference; lastKnownFileType = audio.mp3; path = N4Q12.mp3; sourceTree = "<group>"; };
		162940492C856C6600580FBE /* N4Q13.mp3 */ = {isa = PBXFileReference; lastKnownFileType = audio.mp3; path = N4Q13.mp3; sourceTree = "<group>"; };
		1629404A2C856C6600580FBE /* N4Q14.mp3 */ = {isa = PBXFileReference; lastKnownFileType = audio.mp3; path = N4Q14.mp3; sourceTree = "<group>"; };
		1629404B2C856C6600580FBE /* N4Q15.mp3 */ = {isa = PBXFileReference; lastKnownFileType = audio.mp3; path = N4Q15.mp3; sourceTree = "<group>"; };
		1629405C2C856CAB00580FBE /* N3Q1.mp3 */ = {isa = PBXFileReference; lastKnownFileType = audio.mp3; path = N3Q1.mp3; sourceTree = "<group>"; };
		1629405D2C856CAB00580FBE /* N3Q2.mp3 */ = {isa = PBXFileReference; lastKnownFileType = audio.mp3; path = N3Q2.mp3; sourceTree = "<group>"; };
		1629405E2C856CAB00580FBE /* N3Q3.mp3 */ = {isa = PBXFileReference; lastKnownFileType = audio.mp3; path = N3Q3.mp3; sourceTree = "<group>"; };
		1629405F2C856CAB00580FBE /* N3Q4.mp3 */ = {isa = PBXFileReference; lastKnownFileType = audio.mp3; path = N3Q4.mp3; sourceTree = "<group>"; };
		162940602C856CAB00580FBE /* N3Q5.mp3 */ = {isa = PBXFileReference; lastKnownFileType = audio.mp3; path = N3Q5.mp3; sourceTree = "<group>"; };
		162940612C856CAB00580FBE /* N3Q6.mp3 */ = {isa = PBXFileReference; lastKnownFileType = audio.mp3; path = N3Q6.mp3; sourceTree = "<group>"; };
		162940622C856CAB00580FBE /* N3Q7.mp3 */ = {isa = PBXFileReference; lastKnownFileType = audio.mp3; path = N3Q7.mp3; sourceTree = "<group>"; };
		162940632C856CAB00580FBE /* N3Q8.mp3 */ = {isa = PBXFileReference; lastKnownFileType = audio.mp3; path = N3Q8.mp3; sourceTree = "<group>"; };
		162940642C856CAB00580FBE /* N3Q9.mp3 */ = {isa = PBXFileReference; lastKnownFileType = audio.mp3; path = N3Q9.mp3; sourceTree = "<group>"; };
		162940652C856CAB00580FBE /* N3Q10.mp3 */ = {isa = PBXFileReference; lastKnownFileType = audio.mp3; path = N3Q10.mp3; sourceTree = "<group>"; };
		162940662C856CAB00580FBE /* N3Q11.mp3 */ = {isa = PBXFileReference; lastKnownFileType = audio.mp3; path = N3Q11.mp3; sourceTree = "<group>"; };
		162940672C856CAB00580FBE /* N3Q12.mp3 */ = {isa = PBXFileReference; lastKnownFileType = audio.mp3; path = N3Q12.mp3; sourceTree = "<group>"; };
		162940772C856D0400580FBE /* N2Q1.mp3 */ = {isa = PBXFileReference; lastKnownFileType = audio.mp3; path = N2Q1.mp3; sourceTree = "<group>"; };
		162940782C856D0400580FBE /* N2Q2.mp3 */ = {isa = PBXFileReference; lastKnownFileType = audio.mp3; path = N2Q2.mp3; sourceTree = "<group>"; };
		162940792C856D0400580FBE /* N2Q3.mp3 */ = {isa = PBXFileReference; lastKnownFileType = audio.mp3; path = N2Q3.mp3; sourceTree = "<group>"; };
		1629407A2C856D0400580FBE /* N2Q4.mp3 */ = {isa = PBXFileReference; lastKnownFileType = audio.mp3; path = N2Q4.mp3; sourceTree = "<group>"; };
		1629407B2C856D0400580FBE /* N2Q5.mp3 */ = {isa = PBXFileReference; lastKnownFileType = audio.mp3; path = N2Q5.mp3; sourceTree = "<group>"; };
		1629407C2C856D0400580FBE /* N2Q6.mp3 */ = {isa = PBXFileReference; lastKnownFileType = audio.mp3; path = N2Q6.mp3; sourceTree = "<group>"; };
		1629407D2C856D0400580FBE /* N2Q7.mp3 */ = {isa = PBXFileReference; lastKnownFileType = audio.mp3; path = N2Q7.mp3; sourceTree = "<group>"; };
		1629407E2C856D0400580FBE /* N2Q8.mp3 */ = {isa = PBXFileReference; lastKnownFileType = audio.mp3; path = N2Q8.mp3; sourceTree = "<group>"; };
		1629407F2C856D0400580FBE /* N2Q9.mp3 */ = {isa = PBXFileReference; lastKnownFileType = audio.mp3; path = N2Q9.mp3; sourceTree = "<group>"; };
		162940802C856D0400580FBE /* N2Q10.mp3 */ = {isa = PBXFileReference; lastKnownFileType = audio.mp3; path = N2Q10.mp3; sourceTree = "<group>"; };
		162940812C856D0400580FBE /* N2Q11.mp3 */ = {isa = PBXFileReference; lastKnownFileType = audio.mp3; path = N2Q11.mp3; sourceTree = "<group>"; };
		162940822C856D0400580FBE /* N2Q12.mp3 */ = {isa = PBXFileReference; lastKnownFileType = audio.mp3; path = N2Q12.mp3; sourceTree = "<group>"; };
		162940832C856D0400580FBE /* N2Q13.mp3 */ = {isa = PBXFileReference; lastKnownFileType = audio.mp3; path = N2Q13.mp3; sourceTree = "<group>"; };
		162940842C856D0400580FBE /* N2Q14.mp3 */ = {isa = PBXFileReference; lastKnownFileType = audio.mp3; path = N2Q14.mp3; sourceTree = "<group>"; };
		162940852C856D0400580FBE /* N2Q15.mp3 */ = {isa = PBXFileReference; lastKnownFileType = audio.mp3; path = N2Q15.mp3; sourceTree = "<group>"; };
		162940862C856D0400580FBE /* N2Q16.mp3 */ = {isa = PBXFileReference; lastKnownFileType = audio.mp3; path = N2Q16.mp3; sourceTree = "<group>"; };
		162940872C856D0400580FBE /* N2Q17.mp3 */ = {isa = PBXFileReference; lastKnownFileType = audio.mp3; path = N2Q17.mp3; sourceTree = "<group>"; };
		162940882C856D0400580FBE /* N2Q18.mp3 */ = {isa = PBXFileReference; lastKnownFileType = audio.mp3; path = N2Q18.mp3; sourceTree = "<group>"; };
		162940892C856D0400580FBE /* N2Q19.mp3 */ = {isa = PBXFileReference; lastKnownFileType = audio.mp3; path = N2Q19.mp3; sourceTree = "<group>"; };
		1629408A2C856D0400580FBE /* N2Q20.mp3 */ = {isa = PBXFileReference; lastKnownFileType = audio.mp3; path = N2Q20.mp3; sourceTree = "<group>"; };
		1629408B2C856D0400580FBE /* N2Q21.mp3 */ = {isa = PBXFileReference; lastKnownFileType = audio.mp3; path = N2Q21.mp3; sourceTree = "<group>"; };
		1629408C2C856D0400580FBE /* N2Q22.mp3 */ = {isa = PBXFileReference; lastKnownFileType = audio.mp3; path = N2Q22.mp3; sourceTree = "<group>"; };
		1629408D2C856D0400580FBE /* N2Q23.mp3 */ = {isa = PBXFileReference; lastKnownFileType = audio.mp3; path = N2Q23.mp3; sourceTree = "<group>"; };
		1629408E2C856D0400580FBE /* N2Q24.mp3 */ = {isa = PBXFileReference; lastKnownFileType = audio.mp3; path = N2Q24.mp3; sourceTree = "<group>"; };
		1629408F2C856D0400580FBE /* N2Q25.mp3 */ = {isa = PBXFileReference; lastKnownFileType = audio.mp3; path = N2Q25.mp3; sourceTree = "<group>"; };
		162940902C856D0400580FBE /* N2Q26.mp3 */ = {isa = PBXFileReference; lastKnownFileType = audio.mp3; path = N2Q26.mp3; sourceTree = "<group>"; };
		162940912C856D0400580FBE /* N2Q27.mp3 */ = {isa = PBXFileReference; lastKnownFileType = audio.mp3; path = N2Q27.mp3; sourceTree = "<group>"; };
		162940922C856D0400580FBE /* N2Q28.mp3 */ = {isa = PBXFileReference; lastKnownFileType = audio.mp3; path = N2Q28.mp3; sourceTree = "<group>"; };
		162940932C856D0400580FBE /* N2Q29.mp3 */ = {isa = PBXFileReference; lastKnownFileType = audio.mp3; path = N2Q29.mp3; sourceTree = "<group>"; };
		162940942C856D0400580FBE /* N2Q30.mp3 */ = {isa = PBXFileReference; lastKnownFileType = audio.mp3; path = N2Q30.mp3; sourceTree = "<group>"; };
		162940952C856D0400580FBE /* N2Q31.mp3 */ = {isa = PBXFileReference; lastKnownFileType = audio.mp3; path = N2Q31.mp3; sourceTree = "<group>"; };
		162940B62C856D3600580FBE /* N1Q1.mp3 */ = {isa = PBXFileReference; lastKnownFileType = audio.mp3; path = N1Q1.mp3; sourceTree = "<group>"; };
		162940B72C856D3600580FBE /* N1Q2.mp3 */ = {isa = PBXFileReference; lastKnownFileType = audio.mp3; path = N1Q2.mp3; sourceTree = "<group>"; };
		162940B82C856D3600580FBE /* N1Q3.mp3 */ = {isa = PBXFileReference; lastKnownFileType = audio.mp3; path = N1Q3.mp3; sourceTree = "<group>"; };
		162940B92C856D3600580FBE /* N1Q4.mp3 */ = {isa = PBXFileReference; lastKnownFileType = audio.mp3; path = N1Q4.mp3; sourceTree = "<group>"; };
		162940BA2C856D3600580FBE /* N1Q5.mp3 */ = {isa = PBXFileReference; lastKnownFileType = audio.mp3; path = N1Q5.mp3; sourceTree = "<group>"; };
		162940BB2C856D3600580FBE /* N1Q6.mp3 */ = {isa = PBXFileReference; lastKnownFileType = audio.mp3; path = N1Q6.mp3; sourceTree = "<group>"; };
		162940BC2C856D3600580FBE /* N1Q7.mp3 */ = {isa = PBXFileReference; lastKnownFileType = audio.mp3; path = N1Q7.mp3; sourceTree = "<group>"; };
		162940BD2C856D3600580FBE /* N1Q8.mp3 */ = {isa = PBXFileReference; lastKnownFileType = audio.mp3; path = N1Q8.mp3; sourceTree = "<group>"; };
		162940BE2C856D3600580FBE /* N1Q9.mp3 */ = {isa = PBXFileReference; lastKnownFileType = audio.mp3; path = N1Q9.mp3; sourceTree = "<group>"; };
		162940BF2C856D3600580FBE /* N1Q10.mp3 */ = {isa = PBXFileReference; lastKnownFileType = audio.mp3; path = N1Q10.mp3; sourceTree = "<group>"; };
		162940C02C856D3600580FBE /* N1Q11.mp3 */ = {isa = PBXFileReference; lastKnownFileType = audio.mp3; path = N1Q11.mp3; sourceTree = "<group>"; };
		162940C12C856D3600580FBE /* N1Q12.mp3 */ = {isa = PBXFileReference; lastKnownFileType = audio.mp3; path = N1Q12.mp3; sourceTree = "<group>"; };
		162940C22C856D3600580FBE /* N1Q13.mp3 */ = {isa = PBXFileReference; lastKnownFileType = audio.mp3; path = N1Q13.mp3; sourceTree = "<group>"; };
		162940D12C85BF5400580FBE /* N5Q15.mp3 */ = {isa = PBXFileReference; lastKnownFileType = audio.mp3; path = N5Q15.mp3; sourceTree = "<group>"; };
		162940D22C85BF5400580FBE /* N5Q16.mp3 */ = {isa = PBXFileReference; lastKnownFileType = audio.mp3; path = N5Q16.mp3; sourceTree = "<group>"; };
		162940D32C85BF5400580FBE /* N5Q17.mp3 */ = {isa = PBXFileReference; lastKnownFileType = audio.mp3; path = N5Q17.mp3; sourceTree = "<group>"; };
		162940D42C85BF5400580FBE /* N5Q18.mp3 */ = {isa = PBXFileReference; lastKnownFileType = audio.mp3; path = N5Q18.mp3; sourceTree = "<group>"; };
		162940D52C85BF5400580FBE /* N5Q14.mp3 */ = {isa = PBXFileReference; lastKnownFileType = audio.mp3; path = N5Q14.mp3; sourceTree = "<group>"; };
		162940DB2C85C7F600580FBE /* N5Q21.mp3 */ = {isa = PBXFileReference; lastKnownFileType = audio.mp3; path = N5Q21.mp3; sourceTree = "<group>"; };
		162940DC2C85C7F600580FBE /* N5Q22.mp3 */ = {isa = PBXFileReference; lastKnownFileType = audio.mp3; path = N5Q22.mp3; sourceTree = "<group>"; };
		162940DD2C85C7F600580FBE /* N5Q19.mp3 */ = {isa = PBXFileReference; lastKnownFileType = audio.mp3; path = N5Q19.mp3; sourceTree = "<group>"; };
		162940DE2C85C7F600580FBE /* N5Q23.mp3 */ = {isa = PBXFileReference; lastKnownFileType = audio.mp3; path = N5Q23.mp3; sourceTree = "<group>"; };
		162940DF2C85C7F600580FBE /* N5Q20.mp3 */ = {isa = PBXFileReference; lastKnownFileType = audio.mp3; path = N5Q20.mp3; sourceTree = "<group>"; };
		162C18E12C86ABBC0066BF4C /* JLPTN5SelectView.swift */ = {isa = PBXFileReference; lastKnownFileType = sourcecode.swift; path = JLPTN5SelectView.swift; sourceTree = "<group>"; };
		169C98A22C8552CE007344B7 /* JLPT TEST ALL.app */ = {isa = PBXFileReference; explicitFileType = wrapper.application; includeInIndex = 0; path = "JLPT TEST ALL.app"; sourceTree = BUILT_PRODUCTS_DIR; };
		169C98A52C8552CE007344B7 /* JLPT_TEST_ALLApp.swift */ = {isa = PBXFileReference; lastKnownFileType = sourcecode.swift; path = JLPT_TEST_ALLApp.swift; sourceTree = "<group>"; };
		169C98A72C8552CE007344B7 /* ContentView.swift */ = {isa = PBXFileReference; lastKnownFileType = sourcecode.swift; path = ContentView.swift; sourceTree = "<group>"; };
		169C98A92C8552D0007344B7 /* Assets.xcassets */ = {isa = PBXFileReference; lastKnownFileType = folder.assetcatalog; path = Assets.xcassets; sourceTree = "<group>"; };
		169C98AC2C8552D0007344B7 /* Preview Assets.xcassets */ = {isa = PBXFileReference; lastKnownFileType = folder.assetcatalog; path = "Preview Assets.xcassets"; sourceTree = "<group>"; };
		16E8322C2C897D99007628B1 /* JLPT-TEST-ALL-Info.plist */ = {isa = PBXFileReference; lastKnownFileType = text.plist; path = "JLPT-TEST-ALL-Info.plist"; sourceTree = SOURCE_ROOT; };
		16E8322D2C898019007628B1 /* AdBannerView.swift */ = {isa = PBXFileReference; fileEncoding = 4; lastKnownFileType = sourcecode.swift; path = AdBannerView.swift; sourceTree = "<group>"; };
/* End PBXFileReference section */

/* Begin PBXFrameworksBuildPhase section */
		169C989F2C8552CE007344B7 /* Frameworks */ = {
			isa = PBXFrameworksBuildPhase;
			buildActionMask = 2147483647;
			files = (
				16E8322B2C897D83007628B1 /* GoogleMobileAds in Frameworks */,
			);
			runOnlyForDeploymentPostprocessing = 0;
		};
/* End PBXFrameworksBuildPhase section */

/* Begin PBXGroup section */
		16293FE02C85541600580FBE /* View */ = {
			isa = PBXGroup;
			children = (
				16293FE82C85546700580FBE /* CustomButton.swift */,
				16293FE92C85546700580FBE /* HighlightedText.swift */,
				16293FF12C85546700580FBE /* Home.swift */,
				16293FF22C85546700580FBE /* JLPTN1SelectView.swift */,
				16293FEA2C85546700580FBE /* JLPTN2SelectView.swift */,
				16293FF32C85546700580FBE /* JLPTN3SelectView.swift */,
				16293FED2C85546700580FBE /* JLPTN4SelectView.swift */,
				162C18E12C86ABBC0066BF4C /* JLPTN5SelectView.swift */,
				16293FEF2C85546700580FBE /* JLPTN5.swift */,
				162940022C8554C500580FBE /* JLPTN4.swift */,
				1629400A2C85553100580FBE /* JLPTN3.swift */,
				162940122C8555F800580FBE /* JLPTN2.swift */,
				1629401A2C85562F00580FBE /* JLPTN1.swift */,
				16293FEB2C85546700580FBE /* JLPTN5GrammarView.swift */,
				162940042C8554CE00580FBE /* JLPTN4GrammarView.swift */,
				1629400C2C85553800580FBE /* JLPTN3GrammarView.swift */,
				162940142C8555FE00580FBE /* JLPTN2GrammarView.swift */,
				1629401C2C85563600580FBE /* JLPTN1GrammarView.swift */,
				16293FEC2C85546700580FBE /* JLPTN5ReadingView.swift */,
				162940082C85550F00580FBE /* JLPTN4ReadingView.swift */,
				1629400E2C85553F00580FBE /* JLPTN3ReadingView.swift */,
				162940162C85560400580FBE /* JLPTN2ReadingView.swift */,
				1629401E2C85563B00580FBE /* JLPTN1ReadingView.swift */,
				16293FF42C85546700580FBE /* JLPTN5AUDIOTEST.swift */,
				162940062C8554DD00580FBE /* JLPTN4AUDIOTEST.swift */,
				162940102C85554400580FBE /* JLPTN3AUDIOTEST.swift */,
				162940182C85560A00580FBE /* JLPTN2AUDIOTEST.swift */,
				162940202C85565800580FBE /* JLPTN1AUDIOTEST.swift */,
				16293FF02C85546700580FBE /* ScoreCardView.swift */,
				16293FEE2C85546700580FBE /* SelectableTextView.swift */,
			);
			path = View;
			sourceTree = "<group>";
		};
		16293FE12C85542800580FBE /* Model */ = {
			isa = PBXGroup;
			children = (
				16293FE32C85545900580FBE /* AudioQuestion .swift */,
				16293FE42C85545900580FBE /* DataLoader.swift */,
				16293FE22C85545900580FBE /* Question.swift */,
			);
			path = Model;
			sourceTree = "<group>";
		};
		1629402F2C856C4100580FBE /* JLPTN5AUDIO */ = {
			isa = PBXGroup;
			children = (
				162940222C856C4100580FBE /* N5Q1.mp3 */,
				162940232C856C4100580FBE /* N5Q2.mp3 */,
				162940242C856C4100580FBE /* N5Q3.mp3 */,
				162940252C856C4100580FBE /* N5Q4.mp3 */,
				162940262C856C4100580FBE /* N5Q5.mp3 */,
				162940272C856C4100580FBE /* N5Q6.mp3 */,
				162940282C856C4100580FBE /* N5Q7.mp3 */,
				162940292C856C4100580FBE /* N5Q8.mp3 */,
				1629402A2C856C4100580FBE /* N5Q9.mp3 */,
				1629402B2C856C4100580FBE /* N5Q10.mp3 */,
				1629402C2C856C4100580FBE /* N5Q11.mp3 */,
				1629402D2C856C4100580FBE /* N5Q12.mp3 */,
				1629402E2C856C4100580FBE /* N5Q13.mp3 */,
				162940D52C85BF5400580FBE /* N5Q14.mp3 */,
				162940D12C85BF5400580FBE /* N5Q15.mp3 */,
				162940D22C85BF5400580FBE /* N5Q16.mp3 */,
				162940D32C85BF5400580FBE /* N5Q17.mp3 */,
				162940D42C85BF5400580FBE /* N5Q18.mp3 */,
				162940DD2C85C7F600580FBE /* N5Q19.mp3 */,
				162940DF2C85C7F600580FBE /* N5Q20.mp3 */,
				162940DB2C85C7F600580FBE /* N5Q21.mp3 */,
				162940DC2C85C7F600580FBE /* N5Q22.mp3 */,
				162940DE2C85C7F600580FBE /* N5Q23.mp3 */,
			);
			path = JLPTN5AUDIO;
			sourceTree = "<group>";
		};
		1629404C2C856C6600580FBE /* JLPTN4AUDIO */ = {
			isa = PBXGroup;
			children = (
				1629403D2C856C6600580FBE /* N4Q1.mp3 */,
				1629403E2C856C6600580FBE /* N4Q2.mp3 */,
				1629403F2C856C6600580FBE /* N4Q3.mp3 */,
				162940402C856C6600580FBE /* N4Q4.mp3 */,
				162940412C856C6600580FBE /* N4Q5.mp3 */,
				162940422C856C6600580FBE /* N4Q6.mp3 */,
				162940432C856C6600580FBE /* N4Q7.mp3 */,
				162940442C856C6600580FBE /* N4Q8.mp3 */,
				162940452C856C6600580FBE /* N4Q9.mp3 */,
				162940462C856C6600580FBE /* N4Q10.mp3 */,
				162940472C856C6600580FBE /* N4Q11.mp3 */,
				162940482C856C6600580FBE /* N4Q12.mp3 */,
				162940492C856C6600580FBE /* N4Q13.mp3 */,
				1629404A2C856C6600580FBE /* N4Q14.mp3 */,
				1629404B2C856C6600580FBE /* N4Q15.mp3 */,
			);
			path = JLPTN4AUDIO;
			sourceTree = "<group>";
		};
		162940682C856CAB00580FBE /* JLPT3AUDIO */ = {
			isa = PBXGroup;
			children = (
				1629405C2C856CAB00580FBE /* N3Q1.mp3 */,
				1629405D2C856CAB00580FBE /* N3Q2.mp3 */,
				1629405E2C856CAB00580FBE /* N3Q3.mp3 */,
				1629405F2C856CAB00580FBE /* N3Q4.mp3 */,
				162940602C856CAB00580FBE /* N3Q5.mp3 */,
				162940612C856CAB00580FBE /* N3Q6.mp3 */,
				162940622C856CAB00580FBE /* N3Q7.mp3 */,
				162940632C856CAB00580FBE /* N3Q8.mp3 */,
				162940642C856CAB00580FBE /* N3Q9.mp3 */,
				162940652C856CAB00580FBE /* N3Q10.mp3 */,
				162940662C856CAB00580FBE /* N3Q11.mp3 */,
				162940672C856CAB00580FBE /* N3Q12.mp3 */,
			);
			path = JLPT3AUDIO;
			sourceTree = "<group>";
		};
		162940962C856D0400580FBE /* JLPTN2AUDIO */ = {
			isa = PBXGroup;
			children = (
				162940772C856D0400580FBE /* N2Q1.mp3 */,
				162940782C856D0400580FBE /* N2Q2.mp3 */,
				162940792C856D0400580FBE /* N2Q3.mp3 */,
				1629407A2C856D0400580FBE /* N2Q4.mp3 */,
				1629407B2C856D0400580FBE /* N2Q5.mp3 */,
				1629407C2C856D0400580FBE /* N2Q6.mp3 */,
				1629407D2C856D0400580FBE /* N2Q7.mp3 */,
				1629407E2C856D0400580FBE /* N2Q8.mp3 */,
				1629407F2C856D0400580FBE /* N2Q9.mp3 */,
				162940802C856D0400580FBE /* N2Q10.mp3 */,
				162940812C856D0400580FBE /* N2Q11.mp3 */,
				162940822C856D0400580FBE /* N2Q12.mp3 */,
				162940832C856D0400580FBE /* N2Q13.mp3 */,
				162940842C856D0400580FBE /* N2Q14.mp3 */,
				162940852C856D0400580FBE /* N2Q15.mp3 */,
				162940862C856D0400580FBE /* N2Q16.mp3 */,
				162940872C856D0400580FBE /* N2Q17.mp3 */,
				162940882C856D0400580FBE /* N2Q18.mp3 */,
				162940892C856D0400580FBE /* N2Q19.mp3 */,
				1629408A2C856D0400580FBE /* N2Q20.mp3 */,
				1629408B2C856D0400580FBE /* N2Q21.mp3 */,
				1629408C2C856D0400580FBE /* N2Q22.mp3 */,
				1629408D2C856D0400580FBE /* N2Q23.mp3 */,
				1629408E2C856D0400580FBE /* N2Q24.mp3 */,
				1629408F2C856D0400580FBE /* N2Q25.mp3 */,
				162940902C856D0400580FBE /* N2Q26.mp3 */,
				162940912C856D0400580FBE /* N2Q27.mp3 */,
				162940922C856D0400580FBE /* N2Q28.mp3 */,
				162940932C856D0400580FBE /* N2Q29.mp3 */,
				162940942C856D0400580FBE /* N2Q30.mp3 */,
				162940952C856D0400580FBE /* N2Q31.mp3 */,
			);
			path = JLPTN2AUDIO;
			sourceTree = "<group>";
		};
		162940C32C856D3600580FBE /* JLPTN1AUDIO */ = {
			isa = PBXGroup;
			children = (
				162940B62C856D3600580FBE /* N1Q1.mp3 */,
				162940B72C856D3600580FBE /* N1Q2.mp3 */,
				162940B82C856D3600580FBE /* N1Q3.mp3 */,
				162940B92C856D3600580FBE /* N1Q4.mp3 */,
				162940BA2C856D3600580FBE /* N1Q5.mp3 */,
				162940BB2C856D3600580FBE /* N1Q6.mp3 */,
				162940BC2C856D3600580FBE /* N1Q7.mp3 */,
				162940BD2C856D3600580FBE /* N1Q8.mp3 */,
				162940BE2C856D3600580FBE /* N1Q9.mp3 */,
				162940BF2C856D3600580FBE /* N1Q10.mp3 */,
				162940C02C856D3600580FBE /* N1Q11.mp3 */,
				162940C12C856D3600580FBE /* N1Q12.mp3 */,
				162940C22C856D3600580FBE /* N1Q13.mp3 */,
			);
			path = JLPTN1AUDIO;
			sourceTree = "<group>";
		};
		169C98992C8552CE007344B7 = {
			isa = PBXGroup;
			children = (
				169C98A42C8552CE007344B7 /* JLPT TEST ALL */,
				169C98A32C8552CE007344B7 /* Products */,
			);
			sourceTree = "<group>";
		};
		169C98A32C8552CE007344B7 /* Products */ = {
			isa = PBXGroup;
			children = (
				169C98A22C8552CE007344B7 /* JLPT TEST ALL.app */,
			);
			name = Products;
			sourceTree = "<group>";
		};
		169C98A42C8552CE007344B7 /* JLPT TEST ALL */ = {
			isa = PBXGroup;
			children = (
				16E8322C2C897D99007628B1 /* JLPT-TEST-ALL-Info.plist */,
				162940C32C856D3600580FBE /* JLPTN1AUDIO */,
				162940962C856D0400580FBE /* JLPTN2AUDIO */,
				162940682C856CAB00580FBE /* JLPT3AUDIO */,
				1629404C2C856C6600580FBE /* JLPTN4AUDIO */,
				1629402F2C856C4100580FBE /* JLPTN5AUDIO */,
				16293FE12C85542800580FBE /* Model */,
				16293FE02C85541600580FBE /* View */,
				169C98A52C8552CE007344B7 /* JLPT_TEST_ALLApp.swift */,
				16E8322D2C898019007628B1 /* AdBannerView.swift */,
				169C98A72C8552CE007344B7 /* ContentView.swift */,
				169C98A92C8552D0007344B7 /* Assets.xcassets */,
				169C98AB2C8552D0007344B7 /* Preview Content */,
			);
			path = "JLPT TEST ALL";
			sourceTree = "<group>";
		};
		169C98AB2C8552D0007344B7 /* Preview Content */ = {
			isa = PBXGroup;
			children = (
				169C98AC2C8552D0007344B7 /* Preview Assets.xcassets */,
			);
			path = "Preview Content";
			sourceTree = "<group>";
		};
/* End PBXGroup section */

/* Begin PBXNativeTarget section */
		169C98A12C8552CE007344B7 /* JLPT TEST ALL */ = {
			isa = PBXNativeTarget;
			buildConfigurationList = 169C98B02C8552D0007344B7 /* Build configuration list for PBXNativeTarget "JLPT TEST ALL" */;
			buildPhases = (
				169C989E2C8552CE007344B7 /* Sources */,
				169C989F2C8552CE007344B7 /* Frameworks */,
				169C98A02C8552CE007344B7 /* Resources */,
			);
			buildRules = (
			);
			dependencies = (
			);
			name = "JLPT TEST ALL";
			packageProductDependencies = (
				16E8322A2C897D83007628B1 /* GoogleMobileAds */,
			);
			productName = "JLPT TEST ALL";
			productReference = 169C98A22C8552CE007344B7 /* JLPT TEST ALL.app */;
			productType = "com.apple.product-type.application";
		};
/* End PBXNativeTarget section */

/* Begin PBXProject section */
		169C989A2C8552CE007344B7 /* Project object */ = {
			isa = PBXProject;
			attributes = {
				BuildIndependentTargetsInParallel = 1;
				LastSwiftUpdateCheck = 1530;
				LastUpgradeCheck = 1530;
				TargetAttributes = {
					169C98A12C8552CE007344B7 = {
						CreatedOnToolsVersion = 15.3;
					};
				};
			};
			buildConfigurationList = 169C989D2C8552CE007344B7 /* Build configuration list for PBXProject "JLPT TEST ALL" */;
			compatibilityVersion = "Xcode 15.3";
			developmentRegion = en;
			hasScannedForEncodings = 0;
			knownRegions = (
				en,
				Base,
			);
			mainGroup = 169C98992C8552CE007344B7;
			packageReferences = (
				16E832292C897D83007628B1 /* XCRemoteSwiftPackageReference "swift-package-manager-google-mobile-ads" */,
			);
			productRefGroup = 169C98A32C8552CE007344B7 /* Products */;
			projectDirPath = "";
			projectRoot = "";
			targets = (
				169C98A12C8552CE007344B7 /* JLPT TEST ALL */,
			);
		};
/* End PBXProject section */

/* Begin PBXResourcesBuildPhase section */
		169C98A02C8552CE007344B7 /* Resources */ = {
			isa = PBXResourcesBuildPhase;
			buildActionMask = 2147483647;
			files = (
				162940532C856C6600580FBE /* N4Q7.mp3 in Resources */,
				1629409B2C856D0400580FBE /* N2Q5.mp3 in Resources */,
				162940B22C856D0400580FBE /* N2Q28.mp3 in Resources */,
				162940B42C856D0400580FBE /* N2Q30.mp3 in Resources */,
				162940C92C856D3600580FBE /* N1Q6.mp3 in Resources */,
				1629404F2C856C6600580FBE /* N4Q3.mp3 in Resources */,
				162940A22C856D0400580FBE /* N2Q12.mp3 in Resources */,
				1629406D2C856CAB00580FBE /* N3Q5.mp3 in Resources */,
				1629405A2C856C6600580FBE /* N4Q14.mp3 in Resources */,
				1629406B2C856CAB00580FBE /* N3Q3.mp3 in Resources */,
				162940982C856D0400580FBE /* N2Q2.mp3 in Resources */,
				1629409E2C856D0400580FBE /* N2Q8.mp3 in Resources */,
				162940E12C85C7F600580FBE /* N5Q22.mp3 in Resources */,
				162940D92C85BF5400580FBE /* N5Q18.mp3 in Resources */,
				1629404E2C856C6600580FBE /* N4Q2.mp3 in Resources */,
				1629409D2C856D0400580FBE /* N2Q7.mp3 in Resources */,
				162940A62C856D0400580FBE /* N2Q16.mp3 in Resources */,
				162940D62C85BF5400580FBE /* N5Q15.mp3 in Resources */,
				162940582C856C6600580FBE /* N4Q12.mp3 in Resources */,
				162940512C856C6600580FBE /* N4Q5.mp3 in Resources */,
				162940A92C856D0400580FBE /* N2Q19.mp3 in Resources */,
				162940CB2C856D3600580FBE /* N1Q8.mp3 in Resources */,
				162940CC2C856D3600580FBE /* N1Q9.mp3 in Resources */,
				162940B52C856D0400580FBE /* N2Q31.mp3 in Resources */,
				162940A42C856D0400580FBE /* N2Q14.mp3 in Resources */,
				162940C42C856D3600580FBE /* N1Q1.mp3 in Resources */,
				1629403A2C856C4100580FBE /* N5Q11.mp3 in Resources */,
				162940972C856D0400580FBE /* N2Q1.mp3 in Resources */,
				162940AE2C856D0400580FBE /* N2Q24.mp3 in Resources */,
				1629406C2C856CAB00580FBE /* N3Q4.mp3 in Resources */,
				162940392C856C4100580FBE /* N5Q10.mp3 in Resources */,
				162940362C856C4100580FBE /* N5Q7.mp3 in Resources */,
				162940A02C856D0400580FBE /* N2Q10.mp3 in Resources */,
				162940A12C856D0400580FBE /* N2Q11.mp3 in Resources */,
				162940B12C856D0400580FBE /* N2Q27.mp3 in Resources */,
				162940B32C856D0400580FBE /* N2Q29.mp3 in Resources */,
				162940B02C856D0400580FBE /* N2Q26.mp3 in Resources */,
				162940352C856C4100580FBE /* N5Q6.mp3 in Resources */,
				162940D02C856D3600580FBE /* N1Q13.mp3 in Resources */,
				162940E02C85C7F600580FBE /* N5Q21.mp3 in Resources */,
				1629406A2C856CAB00580FBE /* N3Q2.mp3 in Resources */,
				162940372C856C4100580FBE /* N5Q8.mp3 in Resources */,
				162940E32C85C7F600580FBE /* N5Q23.mp3 in Resources */,
				162940592C856C6600580FBE /* N4Q13.mp3 in Resources */,
				1629409F2C856D0400580FBE /* N2Q9.mp3 in Resources */,
				162940AF2C856D0400580FBE /* N2Q25.mp3 in Resources */,
				162940D72C85BF5400580FBE /* N5Q16.mp3 in Resources */,
				162940332C856C4100580FBE /* N5Q4.mp3 in Resources */,
				162940312C856C4100580FBE /* N5Q2.mp3 in Resources */,
				162940AB2C856D0400580FBE /* N2Q21.mp3 in Resources */,
				162940722C856CAB00580FBE /* N3Q10.mp3 in Resources */,
				162940732C856CAB00580FBE /* N3Q11.mp3 in Resources */,
				162940E22C85C7F600580FBE /* N5Q19.mp3 in Resources */,
				1629406E2C856CAB00580FBE /* N3Q6.mp3 in Resources */,
				162940382C856C4100580FBE /* N5Q9.mp3 in Resources */,
				162940302C856C4100580FBE /* N5Q1.mp3 in Resources */,
				162940562C856C6600580FBE /* N4Q10.mp3 in Resources */,
				162940322C856C4100580FBE /* N5Q3.mp3 in Resources */,
				162940992C856D0400580FBE /* N2Q3.mp3 in Resources */,
				1629405B2C856C6600580FBE /* N4Q15.mp3 in Resources */,
				1629409A2C856D0400580FBE /* N2Q4.mp3 in Resources */,
				162940C72C856D3600580FBE /* N1Q4.mp3 in Resources */,
				162940AA2C856D0400580FBE /* N2Q20.mp3 in Resources */,
				1629404D2C856C6600580FBE /* N4Q1.mp3 in Resources */,
				162940572C856C6600580FBE /* N4Q11.mp3 in Resources */,
				162940C62C856D3600580FBE /* N1Q3.mp3 in Resources */,
				1629406F2C856CAB00580FBE /* N3Q7.mp3 in Resources */,
				1629403B2C856C4100580FBE /* N5Q12.mp3 in Resources */,
				162940A52C856D0400580FBE /* N2Q15.mp3 in Resources */,
				162940742C856CAB00580FBE /* N3Q12.mp3 in Resources */,
				162940C52C856D3600580FBE /* N1Q2.mp3 in Resources */,
				162940DA2C85BF5400580FBE /* N5Q14.mp3 in Resources */,
				162940692C856CAB00580FBE /* N3Q1.mp3 in Resources */,
				162940D82C85BF5400580FBE /* N5Q17.mp3 in Resources */,
				162940CD2C856D3600580FBE /* N1Q10.mp3 in Resources */,
				162940522C856C6600580FBE /* N4Q6.mp3 in Resources */,
				162940712C856CAB00580FBE /* N3Q9.mp3 in Resources */,
				162940C82C856D3600580FBE /* N1Q5.mp3 in Resources */,
				169C98AD2C8552D0007344B7 /* Preview Assets.xcassets in Resources */,
				162940552C856C6600580FBE /* N4Q9.mp3 in Resources */,
				162940A32C856D0400580FBE /* N2Q13.mp3 in Resources */,
				162940502C856C6600580FBE /* N4Q4.mp3 in Resources */,
				1629403C2C856C4100580FBE /* N5Q13.mp3 in Resources */,
				162940702C856CAB00580FBE /* N3Q8.mp3 in Resources */,
				162940A72C856D0400580FBE /* N2Q17.mp3 in Resources */,
				169C98AA2C8552D0007344B7 /* Assets.xcassets in Resources */,
				1629409C2C856D0400580FBE /* N2Q6.mp3 in Resources */,
				162940AC2C856D0400580FBE /* N2Q22.mp3 in Resources */,
				162940A82C856D0400580FBE /* N2Q18.mp3 in Resources */,
				162940CF2C856D3600580FBE /* N1Q12.mp3 in Resources */,
				162940AD2C856D0400580FBE /* N2Q23.mp3 in Resources */,
				162940CA2C856D3600580FBE /* N1Q7.mp3 in Resources */,
				162940CE2C856D3600580FBE /* N1Q11.mp3 in Resources */,
				162940E42C85C7F600580FBE /* N5Q20.mp3 in Resources */,
				162940542C856C6600580FBE /* N4Q8.mp3 in Resources */,
				162940342C856C4100580FBE /* N5Q5.mp3 in Resources */,
			);
			runOnlyForDeploymentPostprocessing = 0;
		};
/* End PBXResourcesBuildPhase section */

/* Begin PBXSourcesBuildPhase section */
		169C989E2C8552CE007344B7 /* Sources */ = {
			isa = PBXSourcesBuildPhase;
			buildActionMask = 2147483647;
			files = (
				16293FE72C85545900580FBE /* DataLoader.swift in Sources */,
				1629400F2C85553F00580FBE /* JLPTN3ReadingView.swift in Sources */,
				16293FFD2C85546700580FBE /* ScoreCardView.swift in Sources */,
				16293FF72C85546700580FBE /* JLPTN2SelectView.swift in Sources */,
				16293FE52C85545900580FBE /* Question.swift in Sources */,
				1629401B2C85562F00580FBE /* JLPTN1.swift in Sources */,
				162940052C8554CE00580FBE /* JLPTN4GrammarView.swift in Sources */,
				162940152C8555FE00580FBE /* JLPTN2GrammarView.swift in Sources */,
				16293FF52C85546700580FBE /* CustomButton.swift in Sources */,
				162940172C85560400580FBE /* JLPTN2ReadingView.swift in Sources */,
				16293FE62C85545900580FBE /* AudioQuestion .swift in Sources */,
				16293FFA2C85546700580FBE /* JLPTN4SelectView.swift in Sources */,
				162940012C85546700580FBE /* JLPTN5AUDIOTEST.swift in Sources */,
				1629401D2C85563600580FBE /* JLPTN1GrammarView.swift in Sources */,
				162940092C85550F00580FBE /* JLPTN4ReadingView.swift in Sources */,
				16E8322E2C898019007628B1 /* AdBannerView.swift in Sources */,
				162940212C85565800580FBE /* JLPTN1AUDIOTEST.swift in Sources */,
				16293FFF2C85546700580FBE /* JLPTN1SelectView.swift in Sources */,
				16293FFE2C85546700580FBE /* Home.swift in Sources */,
				162940112C85554400580FBE /* JLPTN3AUDIOTEST.swift in Sources */,
				162940192C85560A00580FBE /* JLPTN2AUDIOTEST.swift in Sources */,
				162940002C85546700580FBE /* JLPTN3SelectView.swift in Sources */,
				16293FF82C85546700580FBE /* JLPTN5GrammarView.swift in Sources */,
				16293FFB2C85546700580FBE /* SelectableTextView.swift in Sources */,
				16293FF92C85546700580FBE /* JLPTN5ReadingView.swift in Sources */,
				162C18E22C86ABBC0066BF4C /* JLPTN5SelectView.swift in Sources */,
				1629400B2C85553100580FBE /* JLPTN3.swift in Sources */,
				16293FF62C85546700580FBE /* HighlightedText.swift in Sources */,
				162940032C8554C500580FBE /* JLPTN4.swift in Sources */,
				162940132C8555F800580FBE /* JLPTN2.swift in Sources */,
				162940072C8554DD00580FBE /* JLPTN4AUDIOTEST.swift in Sources */,
				169C98A82C8552CE007344B7 /* ContentView.swift in Sources */,
				169C98A62C8552CE007344B7 /* JLPT_TEST_ALLApp.swift in Sources */,
				16293FFC2C85546700580FBE /* JLPTN5.swift in Sources */,
				1629400D2C85553800580FBE /* JLPTN3GrammarView.swift in Sources */,
				1629401F2C85563B00580FBE /* JLPTN1ReadingView.swift in Sources */,
			);
			runOnlyForDeploymentPostprocessing = 0;
		};
/* End PBXSourcesBuildPhase section */

/* Begin XCBuildConfiguration section */
		169C98AE2C8552D0007344B7 /* Debug */ = {
			isa = XCBuildConfiguration;
			buildSettings = {
				ALWAYS_SEARCH_USER_PATHS = NO;
				ASSETCATALOG_COMPILER_GENERATE_SWIFT_ASSET_SYMBOL_EXTENSIONS = YES;
				CLANG_ANALYZER_NONNULL = YES;
				CLANG_ANALYZER_NUMBER_OBJECT_CONVERSION = YES_AGGRESSIVE;
				CLANG_CXX_LANGUAGE_STANDARD = "gnu++20";
				CLANG_ENABLE_MODULES = YES;
				CLANG_ENABLE_OBJC_ARC = YES;
				CLANG_ENABLE_OBJC_WEAK = YES;
				CLANG_WARN_BLOCK_CAPTURE_AUTORELEASING = YES;
				CLANG_WARN_BOOL_CONVERSION = YES;
				CLANG_WARN_COMMA = YES;
				CLANG_WARN_CONSTANT_CONVERSION = YES;
				CLANG_WARN_DEPRECATED_OBJC_IMPLEMENTATIONS = YES;
				CLANG_WARN_DIRECT_OBJC_ISA_USAGE = YES_ERROR;
				CLANG_WARN_DOCUMENTATION_COMMENTS = YES;
				CLANG_WARN_EMPTY_BODY = YES;
				CLANG_WARN_ENUM_CONVERSION = YES;
				CLANG_WARN_INFINITE_RECURSION = YES;
				CLANG_WARN_INT_CONVERSION = YES;
				CLANG_WARN_NON_LITERAL_NULL_CONVERSION = YES;
				CLANG_WARN_OBJC_IMPLICIT_RETAIN_SELF = YES;
				CLANG_WARN_OBJC_LITERAL_CONVERSION = YES;
				CLANG_WARN_OBJC_ROOT_CLASS = YES_ERROR;
				CLANG_WARN_QUOTED_INCLUDE_IN_FRAMEWORK_HEADER = YES;
				CLANG_WARN_RANGE_LOOP_ANALYSIS = YES;
				CLANG_WARN_STRICT_PROTOTYPES = YES;
				CLANG_WARN_SUSPICIOUS_MOVE = YES;
				CLANG_WARN_UNGUARDED_AVAILABILITY = YES_AGGRESSIVE;
				CLANG_WARN_UNREACHABLE_CODE = YES;
				CLANG_WARN__DUPLICATE_METHOD_MATCH = YES;
				COPY_PHASE_STRIP = NO;
				DEBUG_INFORMATION_FORMAT = dwarf;
				ENABLE_STRICT_OBJC_MSGSEND = YES;
				ENABLE_TESTABILITY = YES;
				ENABLE_USER_SCRIPT_SANDBOXING = YES;
				GCC_C_LANGUAGE_STANDARD = gnu17;
				GCC_DYNAMIC_NO_PIC = NO;
				GCC_NO_COMMON_BLOCKS = YES;
				GCC_OPTIMIZATION_LEVEL = 0;
				GCC_PREPROCESSOR_DEFINITIONS = (
					"DEBUG=1",
					"$(inherited)",
				);
				GCC_WARN_64_TO_32_BIT_CONVERSION = YES;
				GCC_WARN_ABOUT_RETURN_TYPE = YES_ERROR;
				GCC_WARN_UNDECLARED_SELECTOR = YES;
				GCC_WARN_UNINITIALIZED_AUTOS = YES_AGGRESSIVE;
				GCC_WARN_UNUSED_FUNCTION = YES;
				GCC_WARN_UNUSED_VARIABLE = YES;
				IPHONEOS_DEPLOYMENT_TARGET = 17.4;
				LOCALIZATION_PREFERS_STRING_CATALOGS = YES;
				MTL_ENABLE_DEBUG_INFO = INCLUDE_SOURCE;
				MTL_FAST_MATH = YES;
				ONLY_ACTIVE_ARCH = YES;
				SDKROOT = iphoneos;
				SWIFT_ACTIVE_COMPILATION_CONDITIONS = "DEBUG $(inherited)";
				SWIFT_OPTIMIZATION_LEVEL = "-Onone";
			};
			name = Debug;
		};
		169C98AF2C8552D0007344B7 /* Release */ = {
			isa = XCBuildConfiguration;
			buildSettings = {
				ALWAYS_SEARCH_USER_PATHS = NO;
				ASSETCATALOG_COMPILER_GENERATE_SWIFT_ASSET_SYMBOL_EXTENSIONS = YES;
				CLANG_ANALYZER_NONNULL = YES;
				CLANG_ANALYZER_NUMBER_OBJECT_CONVERSION = YES_AGGRESSIVE;
				CLANG_CXX_LANGUAGE_STANDARD = "gnu++20";
				CLANG_ENABLE_MODULES = YES;
				CLANG_ENABLE_OBJC_ARC = YES;
				CLANG_ENABLE_OBJC_WEAK = YES;
				CLANG_WARN_BLOCK_CAPTURE_AUTORELEASING = YES;
				CLANG_WARN_BOOL_CONVERSION = YES;
				CLANG_WARN_COMMA = YES;
				CLANG_WARN_CONSTANT_CONVERSION = YES;
				CLANG_WARN_DEPRECATED_OBJC_IMPLEMENTATIONS = YES;
				CLANG_WARN_DIRECT_OBJC_ISA_USAGE = YES_ERROR;
				CLANG_WARN_DOCUMENTATION_COMMENTS = YES;
				CLANG_WARN_EMPTY_BODY = YES;
				CLANG_WARN_ENUM_CONVERSION = YES;
				CLANG_WARN_INFINITE_RECURSION = YES;
				CLANG_WARN_INT_CONVERSION = YES;
				CLANG_WARN_NON_LITERAL_NULL_CONVERSION = YES;
				CLANG_WARN_OBJC_IMPLICIT_RETAIN_SELF = YES;
				CLANG_WARN_OBJC_LITERAL_CONVERSION = YES;
				CLANG_WARN_OBJC_ROOT_CLASS = YES_ERROR;
				CLANG_WARN_QUOTED_INCLUDE_IN_FRAMEWORK_HEADER = YES;
				CLANG_WARN_RANGE_LOOP_ANALYSIS = YES;
				CLANG_WARN_STRICT_PROTOTYPES = YES;
				CLANG_WARN_SUSPICIOUS_MOVE = YES;
				CLANG_WARN_UNGUARDED_AVAILABILITY = YES_AGGRESSIVE;
				CLANG_WARN_UNREACHABLE_CODE = YES;
				CLANG_WARN__DUPLICATE_METHOD_MATCH = YES;
				COPY_PHASE_STRIP = NO;
				DEBUG_INFORMATION_FORMAT = "dwarf-with-dsym";
				ENABLE_NS_ASSERTIONS = NO;
				ENABLE_STRICT_OBJC_MSGSEND = YES;
				ENABLE_USER_SCRIPT_SANDBOXING = YES;
				GCC_C_LANGUAGE_STANDARD = gnu17;
				GCC_NO_COMMON_BLOCKS = YES;
				GCC_WARN_64_TO_32_BIT_CONVERSION = YES;
				GCC_WARN_ABOUT_RETURN_TYPE = YES_ERROR;
				GCC_WARN_UNDECLARED_SELECTOR = YES;
				GCC_WARN_UNINITIALIZED_AUTOS = YES_AGGRESSIVE;
				GCC_WARN_UNUSED_FUNCTION = YES;
				GCC_WARN_UNUSED_VARIABLE = YES;
				IPHONEOS_DEPLOYMENT_TARGET = 17.4;
				LOCALIZATION_PREFERS_STRING_CATALOGS = YES;
				MTL_ENABLE_DEBUG_INFO = NO;
				MTL_FAST_MATH = YES;
				SDKROOT = iphoneos;
				SWIFT_COMPILATION_MODE = wholemodule;
				VALIDATE_PRODUCT = YES;
			};
			name = Release;
		};
		169C98B12C8552D0007344B7 /* Debug */ = {
			isa = XCBuildConfiguration;
			buildSettings = {
				ASSETCATALOG_COMPILER_APPICON_NAME = AppIcon;
				ASSETCATALOG_COMPILER_GLOBAL_ACCENT_COLOR_NAME = AccentColor;
				CODE_SIGN_STYLE = Automatic;
				CURRENT_PROJECT_VERSION = 1;
				DEVELOPMENT_ASSET_PATHS = "\"JLPT TEST ALL/Preview Content\"";
				DEVELOPMENT_TEAM = DUBPMF36TD;
				ENABLE_PREVIEWS = YES;
				GENERATE_INFOPLIST_FILE = YES;
				INFOPLIST_FILE = "JLPT-TEST-ALL-Info.plist";
				INFOPLIST_KEY_UIApplicationSceneManifest_Generation = YES;
				INFOPLIST_KEY_UIApplicationSupportsIndirectInputEvents = YES;
				INFOPLIST_KEY_UILaunchScreen_Generation = YES;
				INFOPLIST_KEY_UISupportedInterfaceOrientations = "UIInterfaceOrientationLandscapeLeft UIInterfaceOrientationLandscapeRight UIInterfaceOrientationPortrait UIInterfaceOrientationPortraitUpsideDown";
				IPHONEOS_DEPLOYMENT_TARGET = 17.5;
				LD_RUNPATH_SEARCH_PATHS = (
					"$(inherited)",
					"@executable_path/Frameworks",
				);
				MARKETING_VERSION = 1.0.2;
				PRODUCT_BUNDLE_IDENTIFIER = "com.jaeminpark.JLPT-TEST-ALL";
				PRODUCT_NAME = "$(TARGET_NAME)";
				SWIFT_EMIT_LOC_STRINGS = YES;
				SWIFT_VERSION = 5.0;
				TARGETED_DEVICE_FAMILY = "1,2";
			};
			name = Debug;
		};
		169C98B22C8552D0007344B7 /* Release */ = {
			isa = XCBuildConfiguration;
			buildSettings = {
				ASSETCATALOG_COMPILER_APPICON_NAME = AppIcon;
				ASSETCATALOG_COMPILER_GLOBAL_ACCENT_COLOR_NAME = AccentColor;
				CODE_SIGN_STYLE = Automatic;
				CURRENT_PROJECT_VERSION = 1;
				DEVELOPMENT_ASSET_PATHS = "\"JLPT TEST ALL/Preview Content\"";
				DEVELOPMENT_TEAM = DUBPMF36TD;
				ENABLE_PREVIEWS = YES;
				GENERATE_INFOPLIST_FILE = YES;
				INFOPLIST_FILE = "JLPT-TEST-ALL-Info.plist";
				INFOPLIST_KEY_UIApplicationSceneManifest_Generation = YES;
				INFOPLIST_KEY_UIApplicationSupportsIndirectInputEvents = YES;
				INFOPLIST_KEY_UILaunchScreen_Generation = YES;
				INFOPLIST_KEY_UISupportedInterfaceOrientations = "UIInterfaceOrientationLandscapeLeft UIInterfaceOrientationLandscapeRight UIInterfaceOrientationPortrait UIInterfaceOrientationPortraitUpsideDown";
				IPHONEOS_DEPLOYMENT_TARGET = 17.5;
				LD_RUNPATH_SEARCH_PATHS = (
					"$(inherited)",
					"@executable_path/Frameworks",
				);
				MARKETING_VERSION = 1.0.2;
				PRODUCT_BUNDLE_IDENTIFIER = "com.jaeminpark.JLPT-TEST-ALL";
				PRODUCT_NAME = "$(TARGET_NAME)";
				SWIFT_EMIT_LOC_STRINGS = YES;
				SWIFT_VERSION = 5.0;
				TARGETED_DEVICE_FAMILY = "1,2";
			};
			name = Release;
		};
/* End XCBuildConfiguration section */

/* Begin XCConfigurationList section */
		169C989D2C8552CE007344B7 /* Build configuration list for PBXProject "JLPT TEST ALL" */ = {
			isa = XCConfigurationList;
			buildConfigurations = (
				169C98AE2C8552D0007344B7 /* Debug */,
				169C98AF2C8552D0007344B7 /* Release */,
			);
			defaultConfigurationIsVisible = 0;
			defaultConfigurationName = Release;
		};
		169C98B02C8552D0007344B7 /* Build configuration list for PBXNativeTarget "JLPT TEST ALL" */ = {
			isa = XCConfigurationList;
			buildConfigurations = (
				169C98B12C8552D0007344B7 /* Debug */,
				169C98B22C8552D0007344B7 /* Release */,
			);
			defaultConfigurationIsVisible = 0;
			defaultConfigurationName = Release;
		};
/* End XCConfigurationList section */

/* Begin XCRemoteSwiftPackageReference section */
		16E832292C897D83007628B1 /* XCRemoteSwiftPackageReference "swift-package-manager-google-mobile-ads" */ = {
			isa = XCRemoteSwiftPackageReference;
			repositoryURL = "https://github.com/googleads/swift-package-manager-google-mobile-ads";
			requirement = {
				kind = upToNextMajorVersion;
				minimumVersion = 11.8.0;
			};
		};
/* End XCRemoteSwiftPackageReference section */

/* Begin XCSwiftPackageProductDependency section */
		16E8322A2C897D83007628B1 /* GoogleMobileAds */ = {
			isa = XCSwiftPackageProductDependency;
			package = 16E832292C897D83007628B1 /* XCRemoteSwiftPackageReference "swift-package-manager-google-mobile-ads" */;
			productName = GoogleMobileAds;
		};
/* End XCSwiftPackageProductDependency section */
	};
	rootObject = 169C989A2C8552CE007344B7 /* Project object */;
}
